
Microsoft Visual Studio Solution File, Format Version 12.00
# Visual Studio 15
VisualStudioVersion = 15.0.28307.1300
MinimumVisualStudioVersion = 10.0.40219.1
Project("{FAE04EC0-301F-11D3-BF4B-00C04F79EFBC}") = "RelationalDatabaseConnector", "RelationalDatabaseConnector\RelationalDatabaseConnector.csproj", "{CF7220C6-CE73-42A2-908E-150A744BC30C}"
EndProject
Project("{FAE04EC0-301F-11D3-BF4B-00C04F79EFBC}") = "NoSQLConnector", "NoSQLConnector\NoSQLConnector.csproj", "{CBE6B9FE-C18E-42D1-ADB9-C6C7378A29A0}"
EndProject
Project("{9A19103F-16F7-4668-BE54-9A1E7A4F7556}") = "CommandModuleAPI", "CommandModuleAPI\CommandModuleAPI.csproj", "{0851DBFE-B775-470B-9368-757290756B64}"
EndProject
Project("{9A19103F-16F7-4668-BE54-9A1E7A4F7556}") = "HotelModel", "ClassLibrary1\HotelModel.csproj", "{A13E35A4-54F7-4B6A-AAD4-5E0D31D5987D}"
EndProject
Project("{9A19103F-16F7-4668-BE54-9A1E7A4F7556}") = "ProjectionEngineAPI", "ProjectionEngineAPI\ProjectionEngineAPI.csproj", "{7B33B37F-DF75-46B5-B7BF-3EA123027E57}"
EndProject
Project("{9A19103F-16F7-4668-BE54-9A1E7A4F7556}") = "QueryModuleAPI", "QueryModuleAPI\QueryModuleAPI.csproj", "{73B357D9-28DE-4ED2-9255-BDF04E64E36E}"
EndProject
Project("{2150E333-8FDC-42A3-9474-1A3956D46DE8}") = "APIs", "APIs", "{307A1AE4-BC38-4C14-97A3-6C3EB5503E6D}"
EndProject
Project("{2150E333-8FDC-42A3-9474-1A3956D46DE8}") = "Libs", "Libs", "{D0AD55A4-0E75-40CE-928B-39C59ECBC274}"
EndProject
Project("{FAE04EC0-301F-11D3-BF4B-00C04F79EFBC}") = "Tests", "Tests\Tests.csproj", "{9C17597F-05AE-47DD-B644-00DAE109A114}"
EndProject
Project("{FAE04EC0-301F-11D3-BF4B-00C04F79EFBC}") = "FrontEndTest", "FrontEndTest\FrontEndTest.csproj", "{43F626E4-43FF-4C45-B0BD-3106B031B041}"
EndProject
Global
	GlobalSection(SolutionConfigurationPlatforms) = preSolution
		Debug|Any CPU = Debug|Any CPU
		Release|Any CPU = Release|Any CPU
	EndGlobalSection
	GlobalSection(ProjectConfigurationPlatforms) = postSolution
		{CF7220C6-CE73-42A2-908E-150A744BC30C}.Debug|Any CPU.ActiveCfg = Debug|Any CPU
		{CF7220C6-CE73-42A2-908E-150A744BC30C}.Debug|Any CPU.Build.0 = Debug|Any CPU
		{CF7220C6-CE73-42A2-908E-150A744BC30C}.Release|Any CPU.ActiveCfg = Release|Any CPU
		{CF7220C6-CE73-42A2-908E-150A744BC30C}.Release|Any CPU.Build.0 = Release|Any CPU
		{CBE6B9FE-C18E-42D1-ADB9-C6C7378A29A0}.Debug|Any CPU.ActiveCfg = Debug|Any CPU
		{CBE6B9FE-C18E-42D1-ADB9-C6C7378A29A0}.Debug|Any CPU.Build.0 = Debug|Any CPU
		{CBE6B9FE-C18E-42D1-ADB9-C6C7378A29A0}.Release|Any CPU.ActiveCfg = Release|Any CPU
		{CBE6B9FE-C18E-42D1-ADB9-C6C7378A29A0}.Release|Any CPU.Build.0 = Release|Any CPU
		{0851DBFE-B775-470B-9368-757290756B64}.Debug|Any CPU.ActiveCfg = Debug|Any CPU
		{0851DBFE-B775-470B-9368-757290756B64}.Debug|Any CPU.Build.0 = Debug|Any CPU
		{0851DBFE-B775-470B-9368-757290756B64}.Release|Any CPU.ActiveCfg = Release|Any CPU
		{0851DBFE-B775-470B-9368-757290756B64}.Release|Any CPU.Build.0 = Release|Any CPU
		{A13E35A4-54F7-4B6A-AAD4-5E0D31D5987D}.Debug|Any CPU.ActiveCfg = Debug|Any CPU
		{A13E35A4-54F7-4B6A-AAD4-5E0D31D5987D}.Debug|Any CPU.Build.0 = Debug|Any CPU
		{A13E35A4-54F7-4B6A-AAD4-5E0D31D5987D}.Release|Any CPU.ActiveCfg = Release|Any CPU
		{A13E35A4-54F7-4B6A-AAD4-5E0D31D5987D}.Release|Any CPU.Build.0 = Release|Any CPU
		{7B33B37F-DF75-46B5-B7BF-3EA123027E57}.Debug|Any CPU.ActiveCfg = Debug|Any CPU
		{7B33B37F-DF75-46B5-B7BF-3EA123027E57}.Debug|Any CPU.Build.0 = Debug|Any CPU
		{7B33B37F-DF75-46B5-B7BF-3EA123027E57}.Release|Any CPU.ActiveCfg = Release|Any CPU
		{7B33B37F-DF75-46B5-B7BF-3EA123027E57}.Release|Any CPU.Build.0 = Release|Any CPU
		{73B357D9-28DE-4ED2-9255-BDF04E64E36E}.Debug|Any CPU.ActiveCfg = Debug|Any CPU
		{73B357D9-28DE-4ED2-9255-BDF04E64E36E}.Debug|Any CPU.Build.0 = Debug|Any CPU
		{73B357D9-28DE-4ED2-9255-BDF04E64E36E}.Release|Any CPU.ActiveCfg = Release|Any CPU
		{73B357D9-28DE-4ED2-9255-BDF04E64E36E}.Release|Any CPU.Build.0 = Release|Any CPU
		{9C17597F-05AE-47DD-B644-00DAE109A114}.Debug|Any CPU.ActiveCfg = Debug|Any CPU
		{9C17597F-05AE-47DD-B644-00DAE109A114}.Debug|Any CPU.Build.0 = Debug|Any CPU
		{9C17597F-05AE-47DD-B644-00DAE109A114}.Release|Any CPU.ActiveCfg = Release|Any CPU
		{9C17597F-05AE-47DD-B644-00DAE109A114}.Release|Any CPU.Build.0 = Release|Any CPU
		{43F626E4-43FF-4C45-B0BD-3106B031B041}.Debug|Any CPU.ActiveCfg = Debug|Any CPU
		{43F626E4-43FF-4C45-B0BD-3106B031B041}.Debug|Any CPU.Build.0 = Debug|Any CPU
		{43F626E4-43FF-4C45-B0BD-3106B031B041}.Release|Any CPU.ActiveCfg = Release|Any CPU
		{43F626E4-43FF-4C45-B0BD-3106B031B041}.Release|Any CPU.Build.0 = Release|Any CPU
	EndGlobalSection
	GlobalSection(SolutionProperties) = preSolution
		HideSolutionNode = FALSE
	EndGlobalSection
	GlobalSection(NestedProjects) = preSolution
		{CF7220C6-CE73-42A2-908E-150A744BC30C} = {D0AD55A4-0E75-40CE-928B-39C59ECBC274}
		{CBE6B9FE-C18E-42D1-ADB9-C6C7378A29A0} = {D0AD55A4-0E75-40CE-928B-39C59ECBC274}
		{0851DBFE-B775-470B-9368-757290756B64} = {307A1AE4-BC38-4C14-97A3-6C3EB5503E6D}
		{A13E35A4-54F7-4B6A-AAD4-5E0D31D5987D} = {D0AD55A4-0E75-40CE-928B-39C59ECBC274}
		{7B33B37F-DF75-46B5-B7BF-3EA123027E57} = {307A1AE4-BC38-4C14-97A3-6C3EB5503E6D}
		{73B357D9-28DE-4ED2-9255-BDF04E64E36E} = {307A1AE4-BC38-4C14-97A3-6C3EB5503E6D}
	EndGlobalSection
	GlobalSection(ExtensibilityGlobals) = postSolution
		SolutionGuid = {B6D01544-BEF7-41C5-9391-E6B1140D8E14}
	EndGlobalSection
EndGlobal
